
Microsoft Visual Studio Solution File, Format Version 12.00
# Visual Studio Version 16
VisualStudioVersion = 16.0.31702.278
MinimumVisualStudioVersion = 10.0.40219.1
Project("{FAE04EC0-301F-11D3-BF4B-00C04F79EFBC}") = "senai_rental_webAPI", "senai_rental_webAPI\senai_rental_webAPI.csproj", "{1AAD4569-4A70-4EA9-A25B-C68CC158EAEE}"
EndProject
Global
	GlobalSection(SolutionConfigurationPlatforms) = preSolution
		Debug|Any CPU = Debug|Any CPU
		Release|Any CPU = Release|Any CPU
	EndGlobalSection
	GlobalSection(ProjectConfigurationPlatforms) = postSolution
		{1AAD4569-4A70-4EA9-A25B-C68CC158EAEE}.Debug|Any CPU.ActiveCfg = Debug|Any CPU
		{1AAD4569-4A70-4EA9-A25B-C68CC158EAEE}.Debug|Any CPU.Build.0 = Debug|Any CPU
		{1AAD4569-4A70-4EA9-A25B-C68CC158EAEE}.Release|Any CPU.ActiveCfg = Release|Any CPU
		{1AAD4569-4A70-4EA9-A25B-C68CC158EAEE}.Release|Any CPU.Build.0 = Release|Any CPU
	EndGlobalSection
	GlobalSection(SolutionProperties) = preSolution
		HideSolutionNode = FALSE
	EndGlobalSection
	GlobalSection(ExtensibilityGlobals) = postSolution
		SolutionGuid = {68465BF2-D248-42EA-A702-A29546C78423}
	EndGlobalSection
EndGlobal
